
Microsoft Visual Studio Solution File, Format Version 12.00
# Visual Studio Version 17
VisualStudioVersion = 17.6.33927.249
MinimumVisualStudioVersion = 10.0.40219.1
Project("{FAE04EC0-301F-11D3-BF4B-00C04F79EFBC}") = "Notifications.Api", "Notifications.Api\Notifications.Api.csproj", "{EE137389-19FA-4BB8-AB6A-5502C28B47F9}"
EndProject
Project("{FAE04EC0-301F-11D3-BF4B-00C04F79EFBC}") = "Notifications.Client", "Notifications.Client\Notifications.Client.csproj", "{3136BF4A-9091-440A-B4C2-8FCA1F69838B}"
EndProject
Global
	GlobalSection(SolutionConfigurationPlatforms) = preSolution
		Debug|Any CPU = Debug|Any CPU
		Release|Any CPU = Release|Any CPU
	EndGlobalSection
	GlobalSection(ProjectConfigurationPlatforms) = postSolution
		{EE137389-19FA-4BB8-AB6A-5502C28B47F9}.Debug|Any CPU.ActiveCfg = Debug|Any CPU
		{EE137389-19FA-4BB8-AB6A-5502C28B47F9}.Debug|Any CPU.Build.0 = Debug|Any CPU
		{EE137389-19FA-4BB8-AB6A-5502C28B47F9}.Release|Any CPU.ActiveCfg = Release|Any CPU
		{EE137389-19FA-4BB8-AB6A-5502C28B47F9}.Release|Any CPU.Build.0 = Release|Any CPU
		{3136BF4A-9091-440A-B4C2-8FCA1F69838B}.Debug|Any CPU.ActiveCfg = Debug|Any CPU
		{3136BF4A-9091-440A-B4C2-8FCA1F69838B}.Debug|Any CPU.Build.0 = Debug|Any CPU
		{3136BF4A-9091-440A-B4C2-8FCA1F69838B}.Release|Any CPU.ActiveCfg = Release|Any CPU
		{3136BF4A-9091-440A-B4C2-8FCA1F69838B}.Release|Any CPU.Build.0 = Release|Any CPU
	EndGlobalSection
	GlobalSection(SolutionProperties) = preSolution
		HideSolutionNode = FALSE
	EndGlobalSection
	GlobalSection(ExtensibilityGlobals) = postSolution
		SolutionGuid = {B3C6419A-502E-49AA-90F1-077AB2E0A823}
	EndGlobalSection
EndGlobal
